// !$*UTF8*$!
{
	archiveVersion = 1;
	classes = {
	};
	objectVersion = 46;
	objects = {

/* Begin PBXBuildFile section */
		003FEBA91F40DEA6006B3BA9 /* EmailSetupViewController.m in Sources */ = {isa = PBXBuildFile; fileRef = 003FEBA81F40DEA6006B3BA9 /* EmailSetupViewController.m */; };
		003FEBAC1F40DEE1006B3BA9 /* PasswordSetupViewController.m in Sources */ = {isa = PBXBuildFile; fileRef = 003FEBAB1F40DEE1006B3BA9 /* PasswordSetupViewController.m */; };
		003FEBAF1F40DEFB006B3BA9 /* ExistingAccountViewController.m in Sources */ = {isa = PBXBuildFile; fileRef = 003FEBAE1F40DEFB006B3BA9 /* ExistingAccountViewController.m */; };
		003FEBB21F40DF10006B3BA9 /* ForgotPasswordViewController.m in Sources */ = {isa = PBXBuildFile; fileRef = 003FEBB11F40DF10006B3BA9 /* ForgotPasswordViewController.m */; };
		003FEBB51F45452C006B3BA9 /* WelcomeViewController.m in Sources */ = {isa = PBXBuildFile; fileRef = 003FEBB41F45452C006B3BA9 /* WelcomeViewController.m */; };
		003FEBB81F454545006B3BA9 /* ProjectSetupViewController.m in Sources */ = {isa = PBXBuildFile; fileRef = 003FEBB71F454545006B3BA9 /* ProjectSetupViewController.m */; };
		003FEBBB1F45455E006B3BA9 /* ProjectAdditionalInfoViewController.m in Sources */ = {isa = PBXBuildFile; fileRef = 003FEBBA1F45455E006B3BA9 /* ProjectAdditionalInfoViewController.m */; };
		009D67B11F5D94C1005378BD /* User.m in Sources */ = {isa = PBXBuildFile; fileRef = 009D67B01F5D94C1005378BD /* User.m */; };
		009D67B41F5D94D3005378BD /* DataSource.m in Sources */ = {isa = PBXBuildFile; fileRef = 009D67B31F5D94D3005378BD /* DataSource.m */; };
		00A862CA1F3FB73C008B81FF /* main.m in Sources */ = {isa = PBXBuildFile; fileRef = 00A862C91F3FB73C008B81FF /* main.m */; };
		00A862CD1F3FB73C008B81FF /* AppDelegate.m in Sources */ = {isa = PBXBuildFile; fileRef = 00A862CC1F3FB73C008B81FF /* AppDelegate.m */; };
		00A862D01F3FB73C008B81FF /* ViewController.m in Sources */ = {isa = PBXBuildFile; fileRef = 00A862CF1F3FB73C008B81FF /* ViewController.m */; };
		00A862D31F3FB73C008B81FF /* Main.storyboard in Resources */ = {isa = PBXBuildFile; fileRef = 00A862D11F3FB73C008B81FF /* Main.storyboard */; };
		00A862D51F3FB73C008B81FF /* Assets.xcassets in Resources */ = {isa = PBXBuildFile; fileRef = 00A862D41F3FB73C008B81FF /* Assets.xcassets */; };
		00A862D81F3FB73C008B81FF /* LaunchScreen.storyboard in Resources */ = {isa = PBXBuildFile; fileRef = 00A862D61F3FB73C008B81FF /* LaunchScreen.storyboard */; };
		00A862E31F3FB73C008B81FF /* MasterTrackerTests.m in Sources */ = {isa = PBXBuildFile; fileRef = 00A862E21F3FB73C008B81FF /* MasterTrackerTests.m */; };
		00A862EE1F3FB73C008B81FF /* MasterTrackerUITests.m in Sources */ = {isa = PBXBuildFile; fileRef = 00A862ED1F3FB73C008B81FF /* MasterTrackerUITests.m */; };
		00CAD7961F47F8A500090C7F /* GoogleService-Info.plist in Resources */ = {isa = PBXBuildFile; fileRef = 00CAD7951F47F8A500090C7F /* GoogleService-Info.plist */; };
		00CAD7971F47F8A500090C7F /* GoogleService-Info.plist in Resources */ = {isa = PBXBuildFile; fileRef = 00CAD7951F47F8A500090C7F /* GoogleService-Info.plist */; };
		00CAD7981F47F8A500090C7F /* GoogleService-Info.plist in Resources */ = {isa = PBXBuildFile; fileRef = 00CAD7951F47F8A500090C7F /* GoogleService-Info.plist */; };
		DB538A42DDD655166E8AABDE /* libPods-MasterTracker.a in Frameworks */ = {isa = PBXBuildFile; fileRef = BCBF7CC10B535B56B82B2D60 /* libPods-MasterTracker.a */; };
/* End PBXBuildFile section */

/* Begin PBXContainerItemProxy section */
		00A862DF1F3FB73C008B81FF /* PBXContainerItemProxy */ = {
			isa = PBXContainerItemProxy;
			containerPortal = 00A862BD1F3FB73C008B81FF /* Project object */;
			proxyType = 1;
			remoteGlobalIDString = 00A862C41F3FB73C008B81FF;
			remoteInfo = MasterTracker;
		};
		00A862EA1F3FB73C008B81FF /* PBXContainerItemProxy */ = {
			isa = PBXContainerItemProxy;
			containerPortal = 00A862BD1F3FB73C008B81FF /* Project object */;
			proxyType = 1;
			remoteGlobalIDString = 00A862C41F3FB73C008B81FF;
			remoteInfo = MasterTracker;
		};
/* End PBXContainerItemProxy section */

/* Begin PBXFileReference section */
		00244C211F4809EE00182ED3 /* MasterTracker.entitlements */ = {isa = PBXFileReference; lastKnownFileType = text.plist.entitlements; path = MasterTracker.entitlements; sourceTree = "<group>"; };
		003FEBA71F40DEA6006B3BA9 /* EmailSetupViewController.h */ = {isa = PBXFileReference; fileEncoding = 4; lastKnownFileType = sourcecode.c.h; path = EmailSetupViewController.h; sourceTree = "<group>"; };
		003FEBA81F40DEA6006B3BA9 /* EmailSetupViewController.m */ = {isa = PBXFileReference; fileEncoding = 4; lastKnownFileType = sourcecode.c.objc; path = EmailSetupViewController.m; sourceTree = "<group>"; };
		003FEBAA1F40DEE1006B3BA9 /* PasswordSetupViewController.h */ = {isa = PBXFileReference; fileEncoding = 4; lastKnownFileType = sourcecode.c.h; path = PasswordSetupViewController.h; sourceTree = "<group>"; };
		003FEBAB1F40DEE1006B3BA9 /* PasswordSetupViewController.m */ = {isa = PBXFileReference; fileEncoding = 4; lastKnownFileType = sourcecode.c.objc; path = PasswordSetupViewController.m; sourceTree = "<group>"; };
		003FEBAD1F40DEFB006B3BA9 /* ExistingAccountViewController.h */ = {isa = PBXFileReference; fileEncoding = 4; lastKnownFileType = sourcecode.c.h; path = ExistingAccountViewController.h; sourceTree = "<group>"; };
		003FEBAE1F40DEFB006B3BA9 /* ExistingAccountViewController.m */ = {isa = PBXFileReference; fileEncoding = 4; lastKnownFileType = sourcecode.c.objc; path = ExistingAccountViewController.m; sourceTree = "<group>"; };
		003FEBB01F40DF0F006B3BA9 /* ForgotPasswordViewController.h */ = {isa = PBXFileReference; fileEncoding = 4; lastKnownFileType = sourcecode.c.h; path = ForgotPasswordViewController.h; sourceTree = "<group>"; };
		003FEBB11F40DF10006B3BA9 /* ForgotPasswordViewController.m */ = {isa = PBXFileReference; fileEncoding = 4; lastKnownFileType = sourcecode.c.objc; path = ForgotPasswordViewController.m; sourceTree = "<group>"; };
		003FEBB31F45452C006B3BA9 /* WelcomeViewController.h */ = {isa = PBXFileReference; fileEncoding = 4; lastKnownFileType = sourcecode.c.h; path = WelcomeViewController.h; sourceTree = "<group>"; };
		003FEBB41F45452C006B3BA9 /* WelcomeViewController.m */ = {isa = PBXFileReference; fileEncoding = 4; lastKnownFileType = sourcecode.c.objc; path = WelcomeViewController.m; sourceTree = "<group>"; };
		003FEBB61F454545006B3BA9 /* ProjectSetupViewController.h */ = {isa = PBXFileReference; fileEncoding = 4; lastKnownFileType = sourcecode.c.h; path = ProjectSetupViewController.h; sourceTree = "<group>"; };
		003FEBB71F454545006B3BA9 /* ProjectSetupViewController.m */ = {isa = PBXFileReference; fileEncoding = 4; lastKnownFileType = sourcecode.c.objc; path = ProjectSetupViewController.m; sourceTree = "<group>"; };
		003FEBB91F45455E006B3BA9 /* ProjectAdditionalInfoViewController.h */ = {isa = PBXFileReference; fileEncoding = 4; lastKnownFileType = sourcecode.c.h; path = ProjectAdditionalInfoViewController.h; sourceTree = "<group>"; };
		003FEBBA1F45455E006B3BA9 /* ProjectAdditionalInfoViewController.m */ = {isa = PBXFileReference; fileEncoding = 4; lastKnownFileType = sourcecode.c.objc; path = ProjectAdditionalInfoViewController.m; sourceTree = "<group>"; };
		009D67AF1F5D94C1005378BD /* User.h */ = {isa = PBXFileReference; fileEncoding = 4; lastKnownFileType = sourcecode.c.h; path = User.h; sourceTree = "<group>"; };
		009D67B01F5D94C1005378BD /* User.m */ = {isa = PBXFileReference; fileEncoding = 4; lastKnownFileType = sourcecode.c.objc; path = User.m; sourceTree = "<group>"; };
		009D67B21F5D94D3005378BD /* DataSource.h */ = {isa = PBXFileReference; fileEncoding = 4; lastKnownFileType = sourcecode.c.h; path = DataSource.h; sourceTree = "<group>"; };
		009D67B31F5D94D3005378BD /* DataSource.m */ = {isa = PBXFileReference; fileEncoding = 4; lastKnownFileType = sourcecode.c.objc; path = DataSource.m; sourceTree = "<group>"; };
		00A862C51F3FB73C008B81FF /* MasterTracker.app */ = {isa = PBXFileReference; explicitFileType = wrapper.application; includeInIndex = 0; path = MasterTracker.app; sourceTree = BUILT_PRODUCTS_DIR; };
		00A862C91F3FB73C008B81FF /* main.m */ = {isa = PBXFileReference; lastKnownFileType = sourcecode.c.objc; path = main.m; sourceTree = "<group>"; };
		00A862CB1F3FB73C008B81FF /* AppDelegate.h */ = {isa = PBXFileReference; lastKnownFileType = sourcecode.c.h; path = AppDelegate.h; sourceTree = "<group>"; };
		00A862CC1F3FB73C008B81FF /* AppDelegate.m */ = {isa = PBXFileReference; lastKnownFileType = sourcecode.c.objc; path = AppDelegate.m; sourceTree = "<group>"; };
		00A862CE1F3FB73C008B81FF /* ViewController.h */ = {isa = PBXFileReference; lastKnownFileType = sourcecode.c.h; path = ViewController.h; sourceTree = "<group>"; };
		00A862CF1F3FB73C008B81FF /* ViewController.m */ = {isa = PBXFileReference; lastKnownFileType = sourcecode.c.objc; path = ViewController.m; sourceTree = "<group>"; };
		00A862D21F3FB73C008B81FF /* Base */ = {isa = PBXFileReference; lastKnownFileType = file.storyboard; name = Base; path = Base.lproj/Main.storyboard; sourceTree = "<group>"; };
		00A862D41F3FB73C008B81FF /* Assets.xcassets */ = {isa = PBXFileReference; lastKnownFileType = folder.assetcatalog; path = Assets.xcassets; sourceTree = "<group>"; };
		00A862D71F3FB73C008B81FF /* Base */ = {isa = PBXFileReference; lastKnownFileType = file.storyboard; name = Base; path = Base.lproj/LaunchScreen.storyboard; sourceTree = "<group>"; };
		00A862D91F3FB73C008B81FF /* Info.plist */ = {isa = PBXFileReference; lastKnownFileType = text.plist.xml; path = Info.plist; sourceTree = "<group>"; };
		00A862DE1F3FB73C008B81FF /* MasterTrackerTests.xctest */ = {isa = PBXFileReference; explicitFileType = wrapper.cfbundle; includeInIndex = 0; path = MasterTrackerTests.xctest; sourceTree = BUILT_PRODUCTS_DIR; };
		00A862E21F3FB73C008B81FF /* MasterTrackerTests.m */ = {isa = PBXFileReference; lastKnownFileType = sourcecode.c.objc; path = MasterTrackerTests.m; sourceTree = "<group>"; };
		00A862E41F3FB73C008B81FF /* Info.plist */ = {isa = PBXFileReference; lastKnownFileType = text.plist.xml; path = Info.plist; sourceTree = "<group>"; };
		00A862E91F3FB73C008B81FF /* MasterTrackerUITests.xctest */ = {isa = PBXFileReference; explicitFileType = wrapper.cfbundle; includeInIndex = 0; path = MasterTrackerUITests.xctest; sourceTree = BUILT_PRODUCTS_DIR; };
		00A862ED1F3FB73C008B81FF /* MasterTrackerUITests.m */ = {isa = PBXFileReference; lastKnownFileType = sourcecode.c.objc; path = MasterTrackerUITests.m; sourceTree = "<group>"; };
		00A862EF1F3FB73C008B81FF /* Info.plist */ = {isa = PBXFileReference; lastKnownFileType = text.plist.xml; path = Info.plist; sourceTree = "<group>"; };
		00CAD7951F47F8A500090C7F /* GoogleService-Info.plist */ = {isa = PBXFileReference; fileEncoding = 4; lastKnownFileType = text.plist.xml; path = "GoogleService-Info.plist"; sourceTree = "<group>"; };
		8305418B8B82F283368E6B8F /* Pods-MasterTracker.release.xcconfig */ = {isa = PBXFileReference; includeInIndex = 1; lastKnownFileType = text.xcconfig; name = "Pods-MasterTracker.release.xcconfig"; path = "../Pods/Target Support Files/Pods-MasterTracker/Pods-MasterTracker.release.xcconfig"; sourceTree = "<group>"; };
		BCBF7CC10B535B56B82B2D60 /* libPods-MasterTracker.a */ = {isa = PBXFileReference; explicitFileType = archive.ar; includeInIndex = 0; path = "libPods-MasterTracker.a"; sourceTree = BUILT_PRODUCTS_DIR; };
		FBC64157B8049135B4182123 /* Pods-MasterTracker.debug.xcconfig */ = {isa = PBXFileReference; includeInIndex = 1; lastKnownFileType = text.xcconfig; name = "Pods-MasterTracker.debug.xcconfig"; path = "../Pods/Target Support Files/Pods-MasterTracker/Pods-MasterTracker.debug.xcconfig"; sourceTree = "<group>"; };
/* End PBXFileReference section */

/* Begin PBXFrameworksBuildPhase section */
		00A862C21F3FB73C008B81FF /* Frameworks */ = {
			isa = PBXFrameworksBuildPhase;
			buildActionMask = 2147483647;
			files = (
				DB538A42DDD655166E8AABDE /* libPods-MasterTracker.a in Frameworks */,
			);
			runOnlyForDeploymentPostprocessing = 0;
		};
		00A862DB1F3FB73C008B81FF /* Frameworks */ = {
			isa = PBXFrameworksBuildPhase;
			buildActionMask = 2147483647;
			files = (
			);
			runOnlyForDeploymentPostprocessing = 0;
		};
		00A862E61F3FB73C008B81FF /* Frameworks */ = {
			isa = PBXFrameworksBuildPhase;
			buildActionMask = 2147483647;
			files = (
			);
			runOnlyForDeploymentPostprocessing = 0;
		};
/* End PBXFrameworksBuildPhase section */

/* Begin PBXGroup section */
		009D67AE1F5D947B005378BD /* Objects & DataSource */ = {
			isa = PBXGroup;
			children = (
				009D67AF1F5D94C1005378BD /* User.h */,
				009D67B01F5D94C1005378BD /* User.m */,
				009D67B21F5D94D3005378BD /* DataSource.h */,
				009D67B31F5D94D3005378BD /* DataSource.m */,
			);
			name = "Objects & DataSource";
			sourceTree = "<group>";
		};
		00A862BC1F3FB73C008B81FF = {
			isa = PBXGroup;
			children = (
				00A862C71F3FB73C008B81FF /* MasterTracker */,
				00A862E11F3FB73C008B81FF /* MasterTrackerTests */,
				00A862EC1F3FB73C008B81FF /* MasterTrackerUITests */,
				00A862C61F3FB73C008B81FF /* Products */,
				7CCCB85405CA4652B95FA84E /* Pods */,
				5DE4479442435059866CEC43 /* Frameworks */,
			);
			sourceTree = "<group>";
		};
		00A862C61F3FB73C008B81FF /* Products */ = {
			isa = PBXGroup;
			children = (
				00A862C51F3FB73C008B81FF /* MasterTracker.app */,
				00A862DE1F3FB73C008B81FF /* MasterTrackerTests.xctest */,
				00A862E91F3FB73C008B81FF /* MasterTrackerUITests.xctest */,
			);
			name = Products;
			sourceTree = "<group>";
		};
		00A862C71F3FB73C008B81FF /* MasterTracker */ = {
			isa = PBXGroup;
			children = (
				009D67AE1F5D947B005378BD /* Objects & DataSource */,
				00244C211F4809EE00182ED3 /* MasterTracker.entitlements */,
				003FEBA71F40DEA6006B3BA9 /* EmailSetupViewController.h */,
				003FEBA81F40DEA6006B3BA9 /* EmailSetupViewController.m */,
				003FEBAA1F40DEE1006B3BA9 /* PasswordSetupViewController.h */,
				003FEBAB1F40DEE1006B3BA9 /* PasswordSetupViewController.m */,
				003FEBAD1F40DEFB006B3BA9 /* ExistingAccountViewController.h */,
				003FEBAE1F40DEFB006B3BA9 /* ExistingAccountViewController.m */,
				003FEBB01F40DF0F006B3BA9 /* ForgotPasswordViewController.h */,
				003FEBB11F40DF10006B3BA9 /* ForgotPasswordViewController.m */,
				003FEBB31F45452C006B3BA9 /* WelcomeViewController.h */,
				003FEBB41F45452C006B3BA9 /* WelcomeViewController.m */,
				003FEBB61F454545006B3BA9 /* ProjectSetupViewController.h */,
				003FEBB71F454545006B3BA9 /* ProjectSetupViewController.m */,
				003FEBB91F45455E006B3BA9 /* ProjectAdditionalInfoViewController.h */,
				003FEBBA1F45455E006B3BA9 /* ProjectAdditionalInfoViewController.m */,
				00A862CB1F3FB73C008B81FF /* AppDelegate.h */,
				00A862CC1F3FB73C008B81FF /* AppDelegate.m */,
				00A862CE1F3FB73C008B81FF /* ViewController.h */,
				00A862CF1F3FB73C008B81FF /* ViewController.m */,
				00A862D11F3FB73C008B81FF /* Main.storyboard */,
				00A862D41F3FB73C008B81FF /* Assets.xcassets */,
				00A862D61F3FB73C008B81FF /* LaunchScreen.storyboard */,
				00A862D91F3FB73C008B81FF /* Info.plist */,
				00CAD7951F47F8A500090C7F /* GoogleService-Info.plist */,
				00A862C81F3FB73C008B81FF /* Supporting Files */,
			);
			path = MasterTracker;
			sourceTree = "<group>";
		};
		00A862C81F3FB73C008B81FF /* Supporting Files */ = {
			isa = PBXGroup;
			children = (
				00A862C91F3FB73C008B81FF /* main.m */,
			);
			name = "Supporting Files";
			sourceTree = "<group>";
		};
		00A862E11F3FB73C008B81FF /* MasterTrackerTests */ = {
			isa = PBXGroup;
			children = (
				00A862E21F3FB73C008B81FF /* MasterTrackerTests.m */,
				00A862E41F3FB73C008B81FF /* Info.plist */,
			);
			path = MasterTrackerTests;
			sourceTree = "<group>";
		};
		00A862EC1F3FB73C008B81FF /* MasterTrackerUITests */ = {
			isa = PBXGroup;
			children = (
				00A862ED1F3FB73C008B81FF /* MasterTrackerUITests.m */,
				00A862EF1F3FB73C008B81FF /* Info.plist */,
			);
			path = MasterTrackerUITests;
			sourceTree = "<group>";
		};
		5DE4479442435059866CEC43 /* Frameworks */ = {
			isa = PBXGroup;
			children = (
				BCBF7CC10B535B56B82B2D60 /* libPods-MasterTracker.a */,
			);
			name = Frameworks;
			sourceTree = "<group>";
		};
		7CCCB85405CA4652B95FA84E /* Pods */ = {
			isa = PBXGroup;
			children = (
				FBC64157B8049135B4182123 /* Pods-MasterTracker.debug.xcconfig */,
				8305418B8B82F283368E6B8F /* Pods-MasterTracker.release.xcconfig */,
			);
			name = Pods;
			sourceTree = "<group>";
		};
/* End PBXGroup section */

/* Begin PBXNativeTarget section */
		00A862C41F3FB73C008B81FF /* MasterTracker */ = {
			isa = PBXNativeTarget;
			buildConfigurationList = 00A862F21F3FB73C008B81FF /* Build configuration list for PBXNativeTarget "MasterTracker" */;
			buildPhases = (
				7F12AB3067DA2126B78FB7DC /* [CP] Check Pods Manifest.lock */,
				00A862C11F3FB73C008B81FF /* Sources */,
				00A862C21F3FB73C008B81FF /* Frameworks */,
				00A862C31F3FB73C008B81FF /* Resources */,
				EF5AF75970212369BFE2B5A0 /* [CP] Embed Pods Frameworks */,
				C6C163E49FA814B46FAB3A06 /* [CP] Copy Pods Resources */,
			);
			buildRules = (
			);
			dependencies = (
			);
			name = MasterTracker;
			productName = MasterTracker;
			productReference = 00A862C51F3FB73C008B81FF /* MasterTracker.app */;
			productType = "com.apple.product-type.application";
		};
		00A862DD1F3FB73C008B81FF /* MasterTrackerTests */ = {
			isa = PBXNativeTarget;
			buildConfigurationList = 00A862F51F3FB73C008B81FF /* Build configuration list for PBXNativeTarget "MasterTrackerTests" */;
			buildPhases = (
				00A862DA1F3FB73C008B81FF /* Sources */,
				00A862DB1F3FB73C008B81FF /* Frameworks */,
				00A862DC1F3FB73C008B81FF /* Resources */,
			);
			buildRules = (
			);
			dependencies = (
				00A862E01F3FB73C008B81FF /* PBXTargetDependency */,
			);
			name = MasterTrackerTests;
			productName = MasterTrackerTests;
			productReference = 00A862DE1F3FB73C008B81FF /* MasterTrackerTests.xctest */;
			productType = "com.apple.product-type.bundle.unit-test";
		};
		00A862E81F3FB73C008B81FF /* MasterTrackerUITests */ = {
			isa = PBXNativeTarget;
			buildConfigurationList = 00A862F81F3FB73C008B81FF /* Build configuration list for PBXNativeTarget "MasterTrackerUITests" */;
			buildPhases = (
				00A862E51F3FB73C008B81FF /* Sources */,
				00A862E61F3FB73C008B81FF /* Frameworks */,
				00A862E71F3FB73C008B81FF /* Resources */,
			);
			buildRules = (
			);
			dependencies = (
				00A862EB1F3FB73C008B81FF /* PBXTargetDependency */,
			);
			name = MasterTrackerUITests;
			productName = MasterTrackerUITests;
			productReference = 00A862E91F3FB73C008B81FF /* MasterTrackerUITests.xctest */;
			productType = "com.apple.product-type.bundle.ui-testing";
		};
/* End PBXNativeTarget section */

/* Begin PBXProject section */
		00A862BD1F3FB73C008B81FF /* Project object */ = {
			isa = PBXProject;
			attributes = {
				LastUpgradeCheck = 0820;
				ORGANIZATIONNAME = lpinc;
				TargetAttributes = {
					00A862C41F3FB73C008B81FF = {
						CreatedOnToolsVersion = 8.2.1;
						DevelopmentTeam = 4UJ46XA4Z7;
						ProvisioningStyle = Automatic;
						SystemCapabilities = {
							com.apple.DataProtection = {
								enabled = 0;
							};
							com.apple.Keychain = {
								enabled = 1;
							};
							com.apple.Push = {
								enabled = 1;
							};
						};
					};
					00A862DD1F3FB73C008B81FF = {
						CreatedOnToolsVersion = 8.2.1;
						DevelopmentTeam = 4UJ46XA4Z7;
						ProvisioningStyle = Automatic;
						TestTargetID = 00A862C41F3FB73C008B81FF;
					};
					00A862E81F3FB73C008B81FF = {
						CreatedOnToolsVersion = 8.2.1;
						DevelopmentTeam = 4UJ46XA4Z7;
						ProvisioningStyle = Automatic;
						TestTargetID = 00A862C41F3FB73C008B81FF;
					};
				};
			};
			buildConfigurationList = 00A862C01F3FB73C008B81FF /* Build configuration list for PBXProject "MasterTracker" */;
			compatibilityVersion = "Xcode 3.2";
			developmentRegion = English;
			hasScannedForEncodings = 0;
			knownRegions = (
				en,
				Base,
			);
			mainGroup = 00A862BC1F3FB73C008B81FF;
			productRefGroup = 00A862C61F3FB73C008B81FF /* Products */;
			projectDirPath = "";
			projectRoot = "";
			targets = (
				00A862C41F3FB73C008B81FF /* MasterTracker */,
				00A862DD1F3FB73C008B81FF /* MasterTrackerTests */,
				00A862E81F3FB73C008B81FF /* MasterTrackerUITests */,
			);
		};
/* End PBXProject section */

/* Begin PBXResourcesBuildPhase section */
		00A862C31F3FB73C008B81FF /* Resources */ = {
			isa = PBXResourcesBuildPhase;
			buildActionMask = 2147483647;
			files = (
				00A862D81F3FB73C008B81FF /* LaunchScreen.storyboard in Resources */,
				00CAD7961F47F8A500090C7F /* GoogleService-Info.plist in Resources */,
				00A862D51F3FB73C008B81FF /* Assets.xcassets in Resources */,
				00A862D31F3FB73C008B81FF /* Main.storyboard in Resources */,
			);
			runOnlyForDeploymentPostprocessing = 0;
		};
		00A862DC1F3FB73C008B81FF /* Resources */ = {
			isa = PBXResourcesBuildPhase;
			buildActionMask = 2147483647;
			files = (
				00CAD7971F47F8A500090C7F /* GoogleService-Info.plist in Resources */,
			);
			runOnlyForDeploymentPostprocessing = 0;
		};
		00A862E71F3FB73C008B81FF /* Resources */ = {
			isa = PBXResourcesBuildPhase;
			buildActionMask = 2147483647;
			files = (
				00CAD7981F47F8A500090C7F /* GoogleService-Info.plist in Resources */,
			);
			runOnlyForDeploymentPostprocessing = 0;
		};
/* End PBXResourcesBuildPhase section */

/* Begin PBXShellScriptBuildPhase section */
		7F12AB3067DA2126B78FB7DC /* [CP] Check Pods Manifest.lock */ = {
			isa = PBXShellScriptBuildPhase;
			buildActionMask = 2147483647;
			files = (
			);
			inputPaths = (
				"${PODS_PODFILE_DIR_PATH}/Podfile.lock",
				"${PODS_ROOT}/Manifest.lock",
			);
			name = "[CP] Check Pods Manifest.lock";
			outputPaths = (
				"$(DERIVED_FILE_DIR)/Pods-MasterTracker-checkManifestLockResult.txt",
			);
			runOnlyForDeploymentPostprocessing = 0;
			shellPath = /bin/sh;
			shellScript = "diff \"${PODS_PODFILE_DIR_PATH}/Podfile.lock\" \"${PODS_ROOT}/Manifest.lock\" > /dev/null\nif [ $? != 0 ] ; then\n    # print error to STDERR\n    echo \"error: The sandbox is not in sync with the Podfile.lock. Run 'pod install' or update your CocoaPods installation.\" >&2\n    exit 1\nfi\n# This output is used by Xcode 'outputs' to avoid re-running this script phase.\necho \"SUCCESS\" > \"${SCRIPT_OUTPUT_FILE_0}\"\n";
			showEnvVarsInLog = 0;
		};
		C6C163E49FA814B46FAB3A06 /* [CP] Copy Pods Resources */ = {
			isa = PBXShellScriptBuildPhase;
			buildActionMask = 2147483647;
			files = (
			);
			inputPaths = (
				"${SRCROOT}/../Pods/Target Support Files/Pods-MasterTracker/Pods-MasterTracker-resources.sh",
				"${PODS_ROOT}/FirebaseInvites/Frameworks/FirebaseInvites.framework/Resources/GINInviteResources.bundle",
				"${PODS_ROOT}/FirebaseInvites/Frameworks/FirebaseInvites.framework/Resources/GPPACLPickerResources.bundle",
				"${PODS_ROOT}/GoogleSignIn/Resources/GoogleSignIn.bundle",
			);
			name = "[CP] Copy Pods Resources";
			outputPaths = (
				"${TARGET_BUILD_DIR}/${UNLOCALIZED_RESOURCES_FOLDER_PATH}",
			);
			runOnlyForDeploymentPostprocessing = 0;
			shellPath = /bin/sh;
			shellScript = "\"${SRCROOT}/../Pods/Target Support Files/Pods-MasterTracker/Pods-MasterTracker-resources.sh\"\n";
			showEnvVarsInLog = 0;
		};
		EF5AF75970212369BFE2B5A0 /* [CP] Embed Pods Frameworks */ = {
			isa = PBXShellScriptBuildPhase;
			buildActionMask = 2147483647;
			files = (
			);
			inputPaths = (
			);
			name = "[CP] Embed Pods Frameworks";
			outputPaths = (
			);
			runOnlyForDeploymentPostprocessing = 0;
			shellPath = /bin/sh;
			shellScript = "\"${SRCROOT}/../Pods/Target Support Files/Pods-MasterTracker/Pods-MasterTracker-frameworks.sh\"\n";
			showEnvVarsInLog = 0;
		};
/* End PBXShellScriptBuildPhase section */

/* Begin PBXSourcesBuildPhase section */
		00A862C11F3FB73C008B81FF /* Sources */ = {
			isa = PBXSourcesBuildPhase;
			buildActionMask = 2147483647;
			files = (
				00A862D01F3FB73C008B81FF /* ViewController.m in Sources */,
				003FEBB81F454545006B3BA9 /* ProjectSetupViewController.m in Sources */,
				009D67B41F5D94D3005378BD /* DataSource.m in Sources */,
				003FEBA91F40DEA6006B3BA9 /* EmailSetupViewController.m in Sources */,
				00A862CD1F3FB73C008B81FF /* AppDelegate.m in Sources */,
				00A862CA1F3FB73C008B81FF /* main.m in Sources */,
				003FEBBB1F45455E006B3BA9 /* ProjectAdditionalInfoViewController.m in Sources */,
				009D67B11F5D94C1005378BD /* User.m in Sources */,
				003FEBB21F40DF10006B3BA9 /* ForgotPasswordViewController.m in Sources */,
				003FEBB51F45452C006B3BA9 /* WelcomeViewController.m in Sources */,
				003FEBAC1F40DEE1006B3BA9 /* PasswordSetupViewController.m in Sources */,
				003FEBAF1F40DEFB006B3BA9 /* ExistingAccountViewController.m in Sources */,
			);
			runOnlyForDeploymentPostprocessing = 0;
		};
		00A862DA1F3FB73C008B81FF /* Sources */ = {
			isa = PBXSourcesBuildPhase;
			buildActionMask = 2147483647;
			files = (
				00A862E31F3FB73C008B81FF /* MasterTrackerTests.m in Sources */,
			);
			runOnlyForDeploymentPostprocessing = 0;
		};
		00A862E51F3FB73C008B81FF /* Sources */ = {
			isa = PBXSourcesBuildPhase;
			buildActionMask = 2147483647;
			files = (
				00A862EE1F3FB73C008B81FF /* MasterTrackerUITests.m in Sources */,
			);
			runOnlyForDeploymentPostprocessing = 0;
		};
/* End PBXSourcesBuildPhase section */

/* Begin PBXTargetDependency section */
		00A862E01F3FB73C008B81FF /* PBXTargetDependency */ = {
			isa = PBXTargetDependency;
			target = 00A862C41F3FB73C008B81FF /* MasterTracker */;
			targetProxy = 00A862DF1F3FB73C008B81FF /* PBXContainerItemProxy */;
		};
		00A862EB1F3FB73C008B81FF /* PBXTargetDependency */ = {
			isa = PBXTargetDependency;
			target = 00A862C41F3FB73C008B81FF /* MasterTracker */;
			targetProxy = 00A862EA1F3FB73C008B81FF /* PBXContainerItemProxy */;
		};
/* End PBXTargetDependency section */

/* Begin PBXVariantGroup section */
		00A862D11F3FB73C008B81FF /* Main.storyboard */ = {
			isa = PBXVariantGroup;
			children = (
				00A862D21F3FB73C008B81FF /* Base */,
			);
			name = Main.storyboard;
			sourceTree = "<group>";
		};
		00A862D61F3FB73C008B81FF /* LaunchScreen.storyboard */ = {
			isa = PBXVariantGroup;
			children = (
				00A862D71F3FB73C008B81FF /* Base */,
			);
			name = LaunchScreen.storyboard;
			sourceTree = "<group>";
		};
/* End PBXVariantGroup section */

/* Begin XCBuildConfiguration section */
		00A862F01F3FB73C008B81FF /* Debug */ = {
			isa = XCBuildConfiguration;
			buildSettings = {
				ALWAYS_SEARCH_USER_PATHS = NO;
				CLANG_ANALYZER_NONNULL = YES;
				CLANG_CXX_LANGUAGE_STANDARD = "gnu++0x";
				CLANG_CXX_LIBRARY = "libc++";
				CLANG_ENABLE_MODULES = YES;
				CLANG_ENABLE_OBJC_ARC = YES;
				CLANG_WARN_BOOL_CONVERSION = YES;
				CLANG_WARN_CONSTANT_CONVERSION = YES;
				CLANG_WARN_DIRECT_OBJC_ISA_USAGE = YES_ERROR;
				CLANG_WARN_DOCUMENTATION_COMMENTS = YES;
				CLANG_WARN_EMPTY_BODY = YES;
				CLANG_WARN_ENUM_CONVERSION = YES;
				CLANG_WARN_INFINITE_RECURSION = YES;
				CLANG_WARN_INT_CONVERSION = YES;
				CLANG_WARN_OBJC_ROOT_CLASS = YES_ERROR;
				CLANG_WARN_SUSPICIOUS_MOVE = YES;
				CLANG_WARN_UNREACHABLE_CODE = YES;
				CLANG_WARN__DUPLICATE_METHOD_MATCH = YES;
				"CODE_SIGN_IDENTITY[sdk=iphoneos*]" = "iPhone Developer";
				COPY_PHASE_STRIP = NO;
				DEBUG_INFORMATION_FORMAT = dwarf;
				ENABLE_STRICT_OBJC_MSGSEND = YES;
				ENABLE_TESTABILITY = YES;
				GCC_C_LANGUAGE_STANDARD = gnu99;
				GCC_DYNAMIC_NO_PIC = NO;
				GCC_NO_COMMON_BLOCKS = YES;
				GCC_OPTIMIZATION_LEVEL = 0;
				GCC_PREPROCESSOR_DEFINITIONS = (
					"DEBUG=1",
					"$(inherited)",
				);
				GCC_WARN_64_TO_32_BIT_CONVERSION = YES;
				GCC_WARN_ABOUT_RETURN_TYPE = YES_ERROR;
				GCC_WARN_UNDECLARED_SELECTOR = YES;
				GCC_WARN_UNINITIALIZED_AUTOS = YES_AGGRESSIVE;
				GCC_WARN_UNUSED_FUNCTION = YES;
				GCC_WARN_UNUSED_VARIABLE = YES;
				IPHONEOS_DEPLOYMENT_TARGET = 10.2;
				MTL_ENABLE_DEBUG_INFO = YES;
				ONLY_ACTIVE_ARCH = YES;
				SDKROOT = iphoneos;
				TARGETED_DEVICE_FAMILY = "1,2";
			};
			name = Debug;
		};
		00A862F11F3FB73C008B81FF /* Release */ = {
			isa = XCBuildConfiguration;
			buildSettings = {
				ALWAYS_SEARCH_USER_PATHS = NO;
				CLANG_ANALYZER_NONNULL = YES;
				CLANG_CXX_LANGUAGE_STANDARD = "gnu++0x";
				CLANG_CXX_LIBRARY = "libc++";
				CLANG_ENABLE_MODULES = YES;
				CLANG_ENABLE_OBJC_ARC = YES;
				CLANG_WARN_BOOL_CONVERSION = YES;
				CLANG_WARN_CONSTANT_CONVERSION = YES;
				CLANG_WARN_DIRECT_OBJC_ISA_USAGE = YES_ERROR;
				CLANG_WARN_DOCUMENTATION_COMMENTS = YES;
				CLANG_WARN_EMPTY_BODY = YES;
				CLANG_WARN_ENUM_CONVERSION = YES;
				CLANG_WARN_INFINITE_RECURSION = YES;
				CLANG_WARN_INT_CONVERSION = YES;
				CLANG_WARN_OBJC_ROOT_CLASS = YES_ERROR;
				CLANG_WARN_SUSPICIOUS_MOVE = YES;
				CLANG_WARN_UNREACHABLE_CODE = YES;
				CLANG_WARN__DUPLICATE_METHOD_MATCH = YES;
				"CODE_SIGN_IDENTITY[sdk=iphoneos*]" = "iPhone Developer";
				COPY_PHASE_STRIP = NO;
				DEBUG_INFORMATION_FORMAT = "dwarf-with-dsym";
				ENABLE_NS_ASSERTIONS = NO;
				ENABLE_STRICT_OBJC_MSGSEND = YES;
				GCC_C_LANGUAGE_STANDARD = gnu99;
				GCC_NO_COMMON_BLOCKS = YES;
				GCC_WARN_64_TO_32_BIT_CONVERSION = YES;
				GCC_WARN_ABOUT_RETURN_TYPE = YES_ERROR;
				GCC_WARN_UNDECLARED_SELECTOR = YES;
				GCC_WARN_UNINITIALIZED_AUTOS = YES_AGGRESSIVE;
				GCC_WARN_UNUSED_FUNCTION = YES;
				GCC_WARN_UNUSED_VARIABLE = YES;
				IPHONEOS_DEPLOYMENT_TARGET = 10.2;
				MTL_ENABLE_DEBUG_INFO = NO;
				SDKROOT = iphoneos;
				TARGETED_DEVICE_FAMILY = "1,2";
				VALIDATE_PRODUCT = YES;
			};
			name = Release;
		};
		00A862F31F3FB73C008B81FF /* Debug */ = {
			isa = XCBuildConfiguration;
			baseConfigurationReference = FBC64157B8049135B4182123 /* Pods-MasterTracker.debug.xcconfig */;
			buildSettings = {
				ASSETCATALOG_COMPILER_APPICON_NAME = AppIcon;
				CLANG_WARN_DOCUMENTATION_COMMENTS = NO;
				CODE_SIGN_ENTITLEMENTS = MasterTracker/MasterTracker.entitlements;
				"CODE_SIGN_ENTITLEMENTS[sdk=*]" = MasterTracker/MasterTracker.entitlements;
				"CODE_SIGN_IDENTITY[sdk=iphoneos*]" = "iPhone Developer";
				DEVELOPMENT_TEAM = 4UJ46XA4Z7;
				INFOPLIST_FILE = MasterTracker/Info.plist;
				LD_RUNPATH_SEARCH_PATHS = "$(inherited) @executable_path/Frameworks";
				PRODUCT_BUNDLE_IDENTIFIER = com.lpinc.lukepaulo4.MasterTracker;
				PRODUCT_NAME = "$(TARGET_NAME)";
			};
			name = Debug;
		};
		00A862F41F3FB73C008B81FF /* Release */ = {
			isa = XCBuildConfiguration;
			baseConfigurationReference = 8305418B8B82F283368E6B8F /* Pods-MasterTracker.release.xcconfig */;
			buildSettings = {
				ASSETCATALOG_COMPILER_APPICON_NAME = AppIcon;
				CLANG_WARN_DOCUMENTATION_COMMENTS = NO;
				CODE_SIGN_ENTITLEMENTS = MasterTracker/MasterTracker.entitlements;
				"CODE_SIGN_ENTITLEMENTS[sdk=*]" = MasterTracker/MasterTracker.entitlements;
				"CODE_SIGN_IDENTITY[sdk=iphoneos*]" = "iPhone Developer";
				DEVELOPMENT_TEAM = 4UJ46XA4Z7;
				INFOPLIST_FILE = MasterTracker/Info.plist;
				LD_RUNPATH_SEARCH_PATHS = "$(inherited) @executable_path/Frameworks";
				PRODUCT_BUNDLE_IDENTIFIER = com.lpinc.lukepaulo4.MasterTracker;
				PRODUCT_NAME = "$(TARGET_NAME)";
			};
			name = Release;
		};
		00A862F61F3FB73C008B81FF /* Debug */ = {
			isa = XCBuildConfiguration;
			buildSettings = {
				BUNDLE_LOADER = "$(TEST_HOST)";
				DEVELOPMENT_TEAM = 4UJ46XA4Z7;
				INFOPLIST_FILE = MasterTrackerTests/Info.plist;
				LD_RUNPATH_SEARCH_PATHS = "$(inherited) @executable_path/Frameworks @loader_path/Frameworks";
				PRODUCT_BUNDLE_IDENTIFIER = com.lpinc.lukepaulo4.MasterTrackerTests;
				PRODUCT_NAME = "$(TARGET_NAME)";
				TEST_HOST = "$(BUILT_PRODUCTS_DIR)/MasterTracker.app/MasterTracker";
			};
			name = Debug;
		};
		00A862F71F3FB73C008B81FF /* Release */ = {
			isa = XCBuildConfiguration;
			buildSettings = {
				BUNDLE_LOADER = "$(TEST_HOST)";
				DEVELOPMENT_TEAM = 4UJ46XA4Z7;
				INFOPLIST_FILE = MasterTrackerTests/Info.plist;
				LD_RUNPATH_SEARCH_PATHS = "$(inherited) @executable_path/Frameworks @loader_path/Frameworks";
				PRODUCT_BUNDLE_IDENTIFIER = com.lpinc.lukepaulo4.MasterTrackerTests;
				PRODUCT_NAME = "$(TARGET_NAME)";
				TEST_HOST = "$(BUILT_PRODUCTS_DIR)/MasterTracker.app/MasterTracker";
			};
			name = Release;
		};
		00A862F91F3FB73C008B81FF /* Debug */ = {
			isa = XCBuildConfiguration;
			buildSettings = {
				DEVELOPMENT_TEAM = 4UJ46XA4Z7;
				INFOPLIST_FILE = MasterTrackerUITests/Info.plist;
				LD_RUNPATH_SEARCH_PATHS = "$(inherited) @executable_path/Frameworks @loader_path/Frameworks";
				PRODUCT_BUNDLE_IDENTIFIER = com.lpinc.lukepaulo4.MasterTrackerUITests;
				PRODUCT_NAME = "$(TARGET_NAME)";
				TEST_TARGET_NAME = MasterTracker;
			};
			name = Debug;
		};
		00A862FA1F3FB73C008B81FF /* Release */ = {
			isa = XCBuildConfiguration;
			buildSettings = {
				DEVELOPMENT_TEAM = 4UJ46XA4Z7;
				INFOPLIST_FILE = MasterTrackerUITests/Info.plist;
				LD_RUNPATH_SEARCH_PATHS = "$(inherited) @executable_path/Frameworks @loader_path/Frameworks";
				PRODUCT_BUNDLE_IDENTIFIER = com.lpinc.lukepaulo4.MasterTrackerUITests;
				PRODUCT_NAME = "$(TARGET_NAME)";
				TEST_TARGET_NAME = MasterTracker;
			};
			name = Release;
		};
/* End XCBuildConfiguration section */

/* Begin XCConfigurationList section */
		00A862C01F3FB73C008B81FF /* Build configuration list for PBXProject "MasterTracker" */ = {
			isa = XCConfigurationList;
			buildConfigurations = (
				00A862F01F3FB73C008B81FF /* Debug */,
				00A862F11F3FB73C008B81FF /* Release */,
			);
			defaultConfigurationIsVisible = 0;
			defaultConfigurationName = Release;
		};
		00A862F21F3FB73C008B81FF /* Build configuration list for PBXNativeTarget "MasterTracker" */ = {
			isa = XCConfigurationList;
			buildConfigurations = (
				00A862F31F3FB73C008B81FF /* Debug */,
				00A862F41F3FB73C008B81FF /* Release */,
			);
			defaultConfigurationIsVisible = 0;
			defaultConfigurationName = Release;
		};
		00A862F51F3FB73C008B81FF /* Build configuration list for PBXNativeTarget "MasterTrackerTests" */ = {
			isa = XCConfigurationList;
			buildConfigurations = (
				00A862F61F3FB73C008B81FF /* Debug */,
				00A862F71F3FB73C008B81FF /* Release */,
			);
			defaultConfigurationIsVisible = 0;
			defaultConfigurationName = Release;
		};
		00A862F81F3FB73C008B81FF /* Build configuration list for PBXNativeTarget "MasterTrackerUITests" */ = {
			isa = XCConfigurationList;
			buildConfigurations = (
				00A862F91F3FB73C008B81FF /* Debug */,
				00A862FA1F3FB73C008B81FF /* Release */,
			);
			defaultConfigurationIsVisible = 0;
			defaultConfigurationName = Release;
		};
/* End XCConfigurationList section */
	};
	rootObject = 00A862BD1F3FB73C008B81FF /* Project object */;
}
